
Microsoft Visual Studio Solution File, Format Version 12.00
# Visual Studio 15
VisualStudioVersion = 15.0.27703.2026
MinimumVisualStudioVersion = 10.0.40219.1
Project("{FAE04EC0-301F-11D3-BF4B-00C04F79EFBC}") = "MVCUnitTesting", "MVCUnitTesting\MVCUnitTesting.csproj", "{2699D5F9-B899-47B4-884E-C0AAFA83A43D}"
EndProject
Project("{FAE04EC0-301F-11D3-BF4B-00C04F79EFBC}") = "MVCUnitTesting.Tests", "MVCUnitTesting.Tests\MVCUnitTesting.Tests.csproj", "{99252E4C-2CE5-40A5-9B26-4E2DC567177F}"
EndProject
Global
	GlobalSection(SolutionConfigurationPlatforms) = preSolution
		Debug|Any CPU = Debug|Any CPU
		Release|Any CPU = Release|Any CPU
	EndGlobalSection
	GlobalSection(ProjectConfigurationPlatforms) = postSolution
		{2699D5F9-B899-47B4-884E-C0AAFA83A43D}.Debug|Any CPU.ActiveCfg = Debug|Any CPU
		{2699D5F9-B899-47B4-884E-C0AAFA83A43D}.Debug|Any CPU.Build.0 = Debug|Any CPU
		{2699D5F9-B899-47B4-884E-C0AAFA83A43D}.Release|Any CPU.ActiveCfg = Release|Any CPU
		{2699D5F9-B899-47B4-884E-C0AAFA83A43D}.Release|Any CPU.Build.0 = Release|Any CPU
		{99252E4C-2CE5-40A5-9B26-4E2DC567177F}.Debug|Any CPU.ActiveCfg = Debug|Any CPU
		{99252E4C-2CE5-40A5-9B26-4E2DC567177F}.Debug|Any CPU.Build.0 = Debug|Any CPU
		{99252E4C-2CE5-40A5-9B26-4E2DC567177F}.Release|Any CPU.ActiveCfg = Release|Any CPU
		{99252E4C-2CE5-40A5-9B26-4E2DC567177F}.Release|Any CPU.Build.0 = Release|Any CPU
	EndGlobalSection
	GlobalSection(SolutionProperties) = preSolution
		HideSolutionNode = FALSE
	EndGlobalSection
	GlobalSection(ExtensibilityGlobals) = postSolution
		SolutionGuid = {B7F046A2-D9B0-4141-965D-477AE4049FC4}
	EndGlobalSection
EndGlobal
